
Microsoft Visual Studio Solution File, Format Version 12.00
# Visual Studio Version 17
VisualStudioVersion = 17.1.32228.430
MinimumVisualStudioVersion = 10.0.40219.1
Project("{2150E333-8FDC-42A3-9474-1A3956D46DE8}") = "domain", "domain", "{9DDA73F9-B1D0-4C03-86A6-CEB850DAB623}"
EndProject
Project("{2150E333-8FDC-42A3-9474-1A3956D46DE8}") = "services", "services", "{F3A62BAF-15EF-4715-B921-28CD1467F3F2}"
EndProject
Project("{9A19103F-16F7-4668-BE54-9A1E7A4F7556}") = "esco.reference.data.domain", "esco.reference.data.domain\esco.reference.data.domain.csproj", "{239B85CA-98B6-4FB9-8DD7-CBEAC35C655D}"
EndProject
Project("{9A19103F-16F7-4668-BE54-9A1E7A4F7556}") = "esco.reference.data.services", "esco.reference.data.services\esco.reference.data.services.csproj", "{D394C98A-1647-4544-9EFE-B3223626F7DA}"
EndProject
Global
	GlobalSection(SolutionConfigurationPlatforms) = preSolution
		Debug|Any CPU = Debug|Any CPU
		Release|Any CPU = Release|Any CPU
	EndGlobalSection
	GlobalSection(ProjectConfigurationPlatforms) = postSolution
		{239B85CA-98B6-4FB9-8DD7-CBEAC35C655D}.Debug|Any CPU.ActiveCfg = Debug|Any CPU
		{239B85CA-98B6-4FB9-8DD7-CBEAC35C655D}.Debug|Any CPU.Build.0 = Debug|Any CPU
		{239B85CA-98B6-4FB9-8DD7-CBEAC35C655D}.Release|Any CPU.ActiveCfg = Release|Any CPU
		{239B85CA-98B6-4FB9-8DD7-CBEAC35C655D}.Release|Any CPU.Build.0 = Release|Any CPU
		{D394C98A-1647-4544-9EFE-B3223626F7DA}.Debug|Any CPU.ActiveCfg = Debug|Any CPU
		{D394C98A-1647-4544-9EFE-B3223626F7DA}.Debug|Any CPU.Build.0 = Debug|Any CPU
		{D394C98A-1647-4544-9EFE-B3223626F7DA}.Release|Any CPU.ActiveCfg = Release|Any CPU
		{D394C98A-1647-4544-9EFE-B3223626F7DA}.Release|Any CPU.Build.0 = Release|Any CPU
	EndGlobalSection
	GlobalSection(SolutionProperties) = preSolution
		HideSolutionNode = FALSE
	EndGlobalSection
	GlobalSection(NestedProjects) = preSolution
		{239B85CA-98B6-4FB9-8DD7-CBEAC35C655D} = {9DDA73F9-B1D0-4C03-86A6-CEB850DAB623}
		{D394C98A-1647-4544-9EFE-B3223626F7DA} = {F3A62BAF-15EF-4715-B921-28CD1467F3F2}
	EndGlobalSection
	GlobalSection(ExtensibilityGlobals) = postSolution
		SolutionGuid = {2F58E690-CACC-4E2A-A352-9A1B4E798213}
	EndGlobalSection
EndGlobal
