
Microsoft Visual Studio Solution File, Format Version 12.00
# Visual Studio Version 16
VisualStudioVersion = 16.0.30309.148
MinimumVisualStudioVersion = 10.0.40219.1
Project("{2150E333-8FDC-42A3-9474-1A3956D46DE8}") = "domain", "domain", "{BC976FD5-3741-498F-AE44-CF3DF6D93133}"
EndProject
Project("{2150E333-8FDC-42A3-9474-1A3956D46DE8}") = "services", "services", "{41C62731-3CC0-4F76-9D47-F37F4EA888A2}"
EndProject
Project("{FAE04EC0-301F-11D3-BF4B-00C04F79EFBC}") = "esco.reference.data.services", "esco.reference.data.services\esco.reference.data.services.csproj", "{17C55A41-3096-4ACE-B6A5-4B2FAF4B1BBB}"
EndProject
Project("{FAE04EC0-301F-11D3-BF4B-00C04F79EFBC}") = "esco.reference.data.model", "esco.reference.data.model\esco.reference.data.model.csproj", "{DD387E40-1CAF-46CA-8268-75719B7B4D50}"
EndProject
Global
	GlobalSection(SolutionConfigurationPlatforms) = preSolution
		Debug|Any CPU = Debug|Any CPU
		Release|Any CPU = Release|Any CPU
	EndGlobalSection
	GlobalSection(ProjectConfigurationPlatforms) = postSolution
		{17C55A41-3096-4ACE-B6A5-4B2FAF4B1BBB}.Debug|Any CPU.ActiveCfg = Debug|Any CPU
		{17C55A41-3096-4ACE-B6A5-4B2FAF4B1BBB}.Debug|Any CPU.Build.0 = Debug|Any CPU
		{17C55A41-3096-4ACE-B6A5-4B2FAF4B1BBB}.Release|Any CPU.ActiveCfg = Release|Any CPU
		{17C55A41-3096-4ACE-B6A5-4B2FAF4B1BBB}.Release|Any CPU.Build.0 = Release|Any CPU
		{DD387E40-1CAF-46CA-8268-75719B7B4D50}.Debug|Any CPU.ActiveCfg = Debug|Any CPU
		{DD387E40-1CAF-46CA-8268-75719B7B4D50}.Debug|Any CPU.Build.0 = Debug|Any CPU
		{DD387E40-1CAF-46CA-8268-75719B7B4D50}.Release|Any CPU.ActiveCfg = Release|Any CPU
		{DD387E40-1CAF-46CA-8268-75719B7B4D50}.Release|Any CPU.Build.0 = Release|Any CPU
	EndGlobalSection
	GlobalSection(SolutionProperties) = preSolution
		HideSolutionNode = FALSE
	EndGlobalSection
	GlobalSection(NestedProjects) = preSolution
		{17C55A41-3096-4ACE-B6A5-4B2FAF4B1BBB} = {41C62731-3CC0-4F76-9D47-F37F4EA888A2}
		{DD387E40-1CAF-46CA-8268-75719B7B4D50} = {BC976FD5-3741-498F-AE44-CF3DF6D93133}
	EndGlobalSection
	GlobalSection(ExtensibilityGlobals) = postSolution
		SolutionGuid = {EA8BCB2E-6D94-4A9D-B64B-29CA5CEE01E4}
	EndGlobalSection
EndGlobal
